U2FsdGVkX19hdzQ1S01qQpUGeHU0DqqI4OmH5/S3fT6pYdx6y8YQ3uhI2e5bTxWW
IMrRzHhR9TKO1TSU2EPxemkGXjktc7Jo4Jsx5aOFGCBDC1AotRVSf5FROMrevIRE
u/1EqgHPPgSGSaKBMmbz0tkzjb9Dx7Ux3LD+f4ujjM1r9aKLky/btKgCi+0uE+ui
teeSuet8dImGpvN9gEE07sBdx6PParErJwDaRXowW4EZmfQvpK7N41/kAavGRmNI
qLtLwU7et7jf8ICfQen1LeJmk5QMbGsKY9fOvqsQquzR0RHudDXw3cozpV1AgbLg
AQ/yPKnIvX9pShE6hxsrTMsezkeOAKV1thuqfh4cv63kFoaT5E5cvVuUVYt2lJfw
wiqjckn7L9zAy3K1IF+Mrl0nxqPbguXpYjTJ41gfW8KgCgAMZtote8oyzEBrCUJT
3A1CGGzTZ7Dd80yOld7gNwUrcX4tap933TVWptKgAknnSxvHfuUPM2OxWAzsOzrE
iWL56+x25swC2cyn72/QoHOxKB+aG1owFNk4hdReABXmik1r0ruR7lcJA155MKgC
kIVKRZ3AGmKSJwBk2stN05K4mWotv/4FY5rZpzm8dP/W52H3vHoREI/vDkpl24BH
Jhm/HZubtdUcuQzFWdUpr1OIVbHiMBT57WibphDcmsxHsDIJ9gXVlMbX57HiBEfK
2l0eX7fdknpN1LwLWVkN5Ec8QbobViJKHQGxuODJnuwyQbMqOk9U5mc5rpfmlao0
Cy/QO2x9yuhQv/v1cZbQ13QgWC43jBla1q2udSh6qd328FoiPElCuxyuOGh7i4ot
EkCWExVUFFx3iuVLCLjH9wri3KsHBPz3C4OQq2TLNCyyfT9UkbTFq4uYBjjjNpax
4+nsKqafznGWAgVR+oaVrAhJG4WvGRlohdUu85+Mx3+g4f73lsAZHKYXFSBtTZ6q
+XxXj7qOfghA+4iqtyxPhfHrGU7KcNFyedVUCIuWgrRChjsFrjT0pi0Hm4axgsus
OzuU4GojMHdenwroCWGURlE/fcl2Jg24RCt74EVISafTbRsnQ6mnYwWcqwd/f58a
4ZnklL5LiddqGhkNjtZYNW+dkb3wM3SRvLbwRwDaeL3gQ4N4okt4f7mSFjw9YmJi
Q9abCSa4I6fLqM1ssN0wXCy/oMoPfIYqM3AgFOfQ39lwUpJDJ5S1q0lrXTuAFwB4
gyos/vr0K5wGlpeZvpABf+a1m3YsFWlgtyvCLZSldXDB03NRGNg5Yv/c+6N9Zjfj
mUfI/KwTvP4DZ5oxlTd9TuzmZNfSqkql6Ek+i624k9DzjEn/mKnpRehGzNtiNa4V
mBytcPQRhPBzMllxaWWjjVvBtOPKVuueP2R5z4vyOZybMNo+hTAJimw5PaL6VZpw
fpbgYZwPsoorT+ThIdQ3uilFktMTahgREZu4hPQ3GN/LRFzZGX3ufxifAbtIuVT0
9yGAgVSlFyvEinI0piX3Se23rri/n8w3WgJ95YoOw6W5LieBob4BAJwLv9S25YP+
YtEb2h2WJGrBxrwgJuoaWPRBUK+4I7jtqrmB5fbS4rOfL7Jf+CsGAacXPd2Y6xSq
JTfcDgXfXQnnZ1Myxxeg4BBIzw13U4oE2OTBI9dYzmCyzODCEfqxT2ibxLQKaec6
fggFIUuXqDdo6kZIIZH6F9VfE1Sr8Yrs2JqQ9+Vx4qiy3zVwAlhxpBbocvdh7wrc
iUj/y37RKcJSfd5pXXJQz5uWta/vo+dr7MfbF6lJvPe2l64jCmhwZteXUO9uRc3j
AmWKnXbywbTT9p6GLA6jV3PjrFG4rJmguqDvQNnGrg56w/XgIcgYC1T8n0c31GQQ
X2S4t2iZjU7PGItZ0S4ilnlyMKyRld9L+oKaK8m04KkZhVV9nc9CpSPGW1zsaKCS
RyS9gLTtzIbVnrul8qGiXlXm1IpkuvDlNWo+o9ziq3p/+yzNAbOW35CDVGqy7C+y
a9OpCpPKGjpJbReuFwvXHjD5qGPRwDZINV0QBY2OiAR8f8LTnEb2ZZ6zeF8F2pPk
RU5w+tykiVP5/+0ITboIu0atQo9jQ50MiIl+4Y9v8uxztnYIy4rmwS200og8XHr+
fcX0QqyM2oIwFfaeH4OlzLnIL0xeAuq4kM45JNVnz/vgRR7WM7TVnyQUplqHJ1ET
1udh97x6ERCP7w5KZduAR9NtGydDqadjBZyrB39/nxqTfR1P7rhtd1Y+QIfG0m9Q
NDNVJojJSsiMhyN+j1fQ4qQDCfWxz3UMlUAX/RhvEJJUii4QvNkkWRozL+ZXndxd
k5EWB34fdMR2/5skwt6E4AqTyMzy2LIliAY/Lcm50g2/wLYk79ahCCwce1lfseYI
f4k0hfocNK1ASgbBedTVCqA03sS/e/VSnkOgcWe5lURUkTrUU6YC3/r5IVORfioe
EGqSxKnO46RC4aQuuqi8dmzWTYbZ32SxSa5K+sE/S5++4Hl4cNk+DbWscfpTenzo
2yt6f33HYj0NodawksjYP1cDyJGFlhJei8AR1K59QrNdglzLL8gWFMjRDqb6eFBR
KwzJa67q64rLnheaYjbhPzTleDyeOtK/VGI7giZ7zceo+ulVrUDCYSFI8bx1oSLo
FAp/h31/cxOSh1C38aMoXPLSCiekDxckKYAiFy7HN7mPiJtpqmV+3e0l+Mc2rBjT
Dv/gbOS4Eq85PBavwzwyhiMQ77F/4B5ElnJR4IndoAf0nbwffRDzJ3g8XryQE05X
e8iYAVa//LIQ5wL70o3YxtCzDrkiEVx70lt5IEvKb5GkaeREHExJ6rKBMxjkN32m
GvK7wuU7CuMz3yhAiRrd5Cz7ubKnPtupkzyQC5V6cNq6dp70wqPUcMcZMD7EJ58c
33ROs+SC+YV+HztLZMAQi4mK/BLUY5MqHtj16ELflY0h6RiJqbfGqv2KCEjOM611
LK9/jXKlPUX98j/g9JNyAeQS11h7PtITr8iLuyF5f6Yi/5iNF1M0wfYf1oM1NW+2
G4YgPHgQsnqWwlKSybBuny6SGepZrFKXB9pzAh7uMaFXA8iRhZYSXovAEdSufUKz
e/7hmdo9iDm74MCj+vN3KhqwzgyqK9w1zayWRSpXT0X1kAm9PhRySu+saA98/V8d
YWq81R24UDBfx3K66eibN5KCpzFDA08LESlheNb7UPuwM4HomXih04312+9cLYeh
Wk+JCk7ib9b6Rya6dZW3XUWNrUPfRDtHzj6E2BBY/h9TXcRcLDB+RaKvwz/jzLaj
XT+9osuohr6wEX9uvNYvF2iqlBEp9tzvWJFIkMnNXcrj5Ckpfoi0dFPLw0ebP/We
LjjazYphcRZCMnTV6jtCg/3MHjLePxvuEJtak5nyL4lHsZ4FC9tO6Hcn5EoZhhn2
aLuBz5Uad3+uOqc/ZNn43F19gWf/agohPVkS1ZWVNQdzXytdqHtxziCnuzvd+FUU
6h/XYerVqT9WBPSZQIrbiviuC3gEoVTP0jP4zsLd5SILrakL2dmAI8mlgMq6C/Mz
UR3uoNUYb6wdR+LzSByeti42sHy2rRsQal0Pf7LnvwHepNPNQ22SvOMdXl1O4Mvd
Bvs1LjDlp4ZnPLJ3C8PYkV0q0CELUAKr9VF8i+O1EqUeui8jy6EWwRDNGJtot94n
MMncRyZfu6dTaBSn00HnqSbkP+yhQ8AdeiZajzmXpy/DklEf7LcYRBYMNZ2/quvi
i1Hg0hFIOSkPaJJ4p2wIFgqTyMzy2LIliAY/Lcm50g2/wLYk79ahCCwce1lfseYI
MhWlbBBTIQlmkUVaRA48X1J8zacTcytreMfZCjEwY3aZXr/yfl9SSer74Yku5vdV
TvhUE9S5MtZX2Y8hga42pCpil9Iohcteyd3VBFRwkjvF/2nDQkfpL2hleByxyDbg
hCyF4TMQqbHEDn6cS/MPWcju+x+f7gP5PYoaPr4nQXkS4EcfkuwGR4f7ckJufKTh
YlDBUsWhkjbsxoR+ICC+91UTV6T7pRFaw4+N3lEiaXTtGc7vylTS63h2kRH07EW+
0W5vW8evQoWV0vgN7PL40GukMqIlWsa92qh70+IVyW+x1wvbvmbisbSVe63OtEuk
5flVwqojXPE4g4pF09hYnvojHRQoew1edd71LvFLKylO1NwS5uJXjF5wpV/dPJcD
XSrQIQtQAqv1UXyL47USpR66LyPLoRbBEM0Ym2i33icwydxHJl+7p1NoFKfTQeep
1q0eY/jn5kW+nQdBKMWpc/rBr3qzQqBuyUGr96FSTcM/OzP3mU53P+PRLpyd2sPR
RSaKTIt0Lkrr2DjhJibBkIOxfHL5tnAIe3c/8+2JuctXvk6htwXD/lthcwxvqwhw
2lvel35ASlev1jLGmRm/+GLGrjWrymsEogRdvAeCIosk/sR0ZKX1xiRkDY0CWueL
VuxmBh4Of2h4twPFZr8XvQwenB/vTulYtpVr0Vcozbg06ZsoBrK9PRNEev9Utsbr
EYwp/tJAqGVFYaI1CQr2s1NBjKIp3rIeoe7YkUx3P+ma4AfLeniSlQCEw8ccUsG7
j4ibaaplft3tJfjHNqwY0w7/4GzkuBKvOTwWr8M8MoZ1PECdqBXtLX7niZQzktQy
2Jk7QJeh9/j13LhXmfmkcUYspABsedxQPpL8czmREtmlXBKm4gjogPN3NHtr2OAL
8m69AGtpLZMmBFeAGRqRCrsUEVC0xbtyDA+7yTnU1cGX1Vzid2xghlGBYYaAc/NF
oQ7RDQQFIcq11fhff1lptUMIaV/u0PietXpYOzIWhof8W3OO2IwxFMztNLEfB51n
c+OsUbismaC6oO9A2cauDoZFVCIiI73MVOfPZwl0AXCx1wvbvmbisbSVe63OtEuk
MlgtyJUNDnxiT8EDcdig3XOxKB+aG1owFNk4hdReABVz6QJX0yLJkzJJLN+HN1R7
pGnkRBxMSeqygTMY5Dd9phryu8LlOwrjM98oQIka3eQs+7mypz7bqZM8kAuVenDa
unae9MKj1HDHGTA+xCefHN90TrPkgvmFfh87S2TAEIubXe2tGaEwdTe2BVhAdnSv
x6JsFtkfIhZcjaqMOdl+z1Ytxxc4BLCEg2Qpf3L1OtfUIIJJPyabSpXDGz1+Wg8h
qme/b9bgGhr1Ey/9ci152uuekaMEdv5PjO1K1grVe49dKtAhC1ACq/VRfIvjtRKl
F/4lg2YA6KBzVx0JbEdS7XS04gJt10XN66fxgMwkFZU0M1UmiMlKyIyHI36PV9Di
a+7mxsNCGlYtTD/kiA/KKQ3EJ4PfRtF/5KlyNq1GxG8P60SeyM3JNbx41V26NC+z
XyYEjQ3ZkbF7iyhADow1dRPhAw3yItGC+e2cTwWQjtLKlFHcN+K+s0mG0QBPhIi1
jX17fSgaxRDogetvBLsvn2KzXD6OGn+u/TEG2xxMg07ybr0Aa2ktkyYEV4AZGpEK
mkioSArGzyHsl9P9T5NUByUyr68Pval/W7XStkyrzNbQvTA6/ujW+8CJMYCpu3Sw
LfYJ6Io6CaGFzSbs1wJlf+wL/pbqDWeHzhENjCXAvtRpJebqxebVLH0KCqx9Az/x
wTVo6m1w65uN2oSj1Qp8zUYi+pQ+nRTpWaexac0OzFcTLdCQEmnoNQcBkE1iRJaw
JrTVIxAaWBJy7PECwPGWIhs5T46qttD7c7KFdQsqkVG6Jq7J3lxlRH27XyRjGbw9
MMncRyZfu6dTaBSn00HnqdZjAZWi90zVQ8LtWL8LzVkd/YiVKwGlAmI/zyXVUX6N
0dE9Bh8IprUw7RQ79yED7SyqNwnM10qTagF+a+qvNDLCQg2AEAwlOKzSArVme1yS
c7sDUR0fi1t/zln3k4QphU6CX7P4JwumM6oBOz652XKpbg7vDOO8Y46bHvlDPRdy
fwG77/jJnnDEmeW7jkcRT6IIE8TPQx+icxzd5UTK1q4Ai40OFjjFe7P+wD2spiYK
TEAKwYedSI02T6x6dUT6okqFpdRQ4mmG38KBh9vY6HmRtCbwGzHweP/f+Dm7Zkc3
f8SPwZgu35miY8Qf8BqipFDsBYswrKOQhDiljzJMhf2NTiGM14LtxMr+cU7uGr9+
hJikHOTJ+JmU3BP5xJZsqwb1tNbjmez7ocjopUPj72E/dXwtKMKeA5ras1XjAdYT
u9DVftMDrvspqdOdyOp8jq07rMuxQOVSbIVxUEu0Sv7MoDcg15l01rFd2tOIKR5S
AaI5dZQbMhTNifZ5lSb3gLYea+crlxsQVBkGM+13sIBFkr3H+5nUvNoyl+I30jwq
Rbpnm8dne6BpZ99E6dvCiBJAlhMVVBRcd4rlSwi4x/f2xVngkNAVNuExQt6Ciskr
mTcNndfRdNbiclZ0i5Mmw+9F/thuEQ5mqEhPuVI9CX7DQ0jYdM6A8KLNB5mch4jg
mRpb/vq6HYK/mO8cWVbxv7yAExWHSQmxRN2CJFh58cYwJa4/qOzkOdXHwPslngyz
ZqWIZHbI/JfexpK4SSFwjnCYZdUR85q2WDW4fhjHOqF8mrjjAz+dK5RprnY2XGKU
ezq2iZdtANP799OhsjI2ZkozQ9FdUB2fekIed289AFgkGojplTksOYIhgmc6K3xe
viP84akzqb2ti1PPMUxN1HxJW39Mxd3HSose3DE/sK7wknLscdd6f6nQ7KUBLbyK
742whZAw0fVdk3Bxv2KRAsGAzwf8oUYMGS9SboXu0C/AD8p2MNllzYZDtbabkeSb
DTA10CWbZZ5sCIEDWOSvCKIe4+TnvQqahzew/jcXTe+qkda5HZ+1SC8eTzRExRRn
KWyh0689agdzZgyVSUKC/nPcBXJ7NcsOLriyPACToOpGIvqUPp0U6VmnsWnNDsxX
ArscJFHszlLxIWEVZVznN2HjBUbVtMsbqgUX21JA+KidFetGekaRKklPc9w3htwn
xf9pw0JH6S9oZXgcscg24OkFrSpsxhDzMlcZ3AqU49GHCRKUZTGCJUqH5xmuySye
VDs061RvLUM3u9MyC3hKYk3fgVd52CyogTrdFYyvGxv0MQUlQdHJMg6nSPve8m5H
jeN+kFN2OMXkW/QAiXt6QMGMVqNhdh/t2en1HA195ZdGIvqUPp0U6VmnsWnNDsxX
muAHy3p4kpUAhMPHHFLBu2c6mRpWLuoljn62sn+juVFiXwt8h+b7djh83XlZx9Hx
1RLAlMoSWuROb2E5IUHwYW7x071VqgSi/2DjdAQnMjlX6FcMTd6PXGZYoEHMueUA
wHbSiuOA7cEnNUvrHQHxmTdcGLCZkZaHp5g9CA76hc3lQwDsDsOSG3abOcP+JBac
aIyU4YRk6hRcbM7Ltqve/CCMLcrmMZAtRkOnONPUS98EN3BmawOpirw3fjYEO/K2
s5V8fTCtu7WaXM1JLUydnvs1iMzryfHJ3A2j2IIbk4rWuQXL6rFyePWheFCBJZ01
wblGccGEECwUNlz40s8paznHDnJ5ZSzt8kRYeUdal2QWOvyuzzlUJqKLg56tWzeu
sfsGiiFsXcDX2Z9p31UnhyFMC0IB8ouEt8mHL8SEv2M/dXwtKMKeA5ras1XjAdYT
dlZEIforp2RBtQ15vyjRj0UohE74npXl2v1juwP3zspG8io/dQ6vHYM7Gme9z417
y4zj/FzcySGJkD7Fq3lUhSX2GM5xTYAbKC0gqgXCmCgtZo+ZZLzS9RbfT88gpbp9
Ud8Wh2hQkZ48e6ta2AiSR2j8U696bPaLyG8wwgy8X24kVOtmmQmarYrPIrbXDepS
xxtJC/VGS2u7vEdnEqi52o8tznDecP7GoiSCaaSFmw0tZo+ZZLzS9RbfT88gpbp9
eUW8WPDO0LU5L9CPg7G40SKY6DEP4tKyQw1myEQzaoNv9mPD7oNpGiDivWP6o9bg
/98yyiJeWf7NdnpqEHBEOo638zRX1qaTIHaEkNO14RVTThAAyoux56fDJhZbgTgC
1RLAlMoSWuROb2E5IUHwYW7x071VqgSi/2DjdAQnMjl9cORPhD77hEtV72RQLEOM
0b2ZElPnR+tdRhRgm6hBo+mrnvIdt6Cg4/Rq97YfN2UBnUAzd/pwrldEGxi+/QEh
S14/VyyLUCThUzgoVPK2OXI2esAibdWNOYnmPmxGaF/tZPjBrebAgFSOn5vjejlB
HMb8MpVgAYDLGT8lo/LS/6yvsKU5oIVX/C4S2HD+KkOXlaSVDFUXROsBOV3+5qfy
6IaIkAdswrPuJvjet2+9aimyc5Zy8VOYUKiv3ca1gBLzjrzTq3PCyH+fwStg41vQ
Pb0F+Amb8eMazpkxgM7HccJoCblBeZ16S3tndF/Az9D4cnpEbId95mqV8Uif3SbZ
l/eTxD+2Hh6M2GTW5nATUXdOISO0kucMlaDW2k9cf9npcPJBCOis4L2MGIQr4/6A
5UMA7A7Dkht2mznD/iQWnGiMlOGEZOoUXGzOy7ar3vzQChluS+nj2J16wD0QMHwW
Fgp7a8/vzIL6BavtLH/S2uvolnvsS67kCk/ZXnXc++Vn9YcUAoRNY9zL75lsPOub
WUSSr4pDsZsYR733n7AItfi+9Jo8CurhOujWwpVGQUKBkNWpk701ZJcovrscmrMR
uxtPFRNV7w0dVE5NnkukiCH2ebYESJU/Q2mkoK5WKNQc8TCM0KziAktxuebsTfNv
RSYUaKXH/3qlNspmuDCBzbC8PtScaqVBlxO1ZGsxxbz29k8TEdEda0S8aM9FCyKs
X/UxyPiqPxtn4cwXQqHTGpRaS1H02zWJ8MNP8bp6w0S30YM2NDR12gFyM4xqn0F+
wblGccGEECwUNlz40s8paznHDnJ5ZSzt8kRYeUdal2QAPfhEepdogcUSTa2VDh5q
wjksdTJFBcx83tQ2QW36D/vFfzbrnXcFdUk69Vi0z/1ZVXWPOsvjgS9S7YAbO2Sl
nEq3tQOU8tOlea0Z0riA1JZnD4c7IRUhQx7yuyLrARbdfUywsVROEvG/oJsn/TpM
+wUFSvwpukCIqq9CFTp7EIrs7Vee2ekxP5X5M8VGP8cCA+x9pXCtNWCu8z2HZ6L2
Vl1XsjsozlQVh+0POKPPUo1M1iwrhErSdZfNzne9SH/SvH07oi65B7VFhMjDfWuo
Y4pTj+uS01KQZKzTj2SVfh9hh7+hFiLc4pgkdKlgVnop2kDnFc+mf+C71FQBROhX
W68c65VKi3xJLoZTbBoHel1qycnmrdxMexSOSl3sPszfMRFEXzYgjf7CcfZ/TvdC
C0ug7YZhIQ3X9r96d3CZ937kwj1OOcht65sxKy2DHjdEIIrdSykJpU8yNQ0zQX5I
Mq9hYjp2f/B0oZnaQDlvShhHJP0iDQQ5jjJ6Z853QpzGIWtV3InnLf2ax9MtzJQ2
60pg8syIyY7+hq3yAExK9EtgELyziXUtI7uEGZobgxieIa0RpJ6oezS+4szsRJgO
3JMwCN1JHOqPh1Th9cIixG7o8pyHK4YZtiwqj1CaMP4GEsZEMlQfAFEcURp7X5aL
1VhP2qcr4nJAsMgso3UtKKJfAAxwy9F1Vy4pRNdG1+nKj4w73S4yUtCbE+FpD/lE
/gKvTfSZkwf5SMzrwhYMkhDjjLdmbAEL753j5rA7Q2w71VoDaDl15w2dtI0kCQtN
7Fmv84RzQfAZUOBqL96RQgQ3cGZrA6mKvDd+NgQ78rYQRrX5QlNd2fI5wcz3gSLR
j8/LhBLX9pe4lX71GtNfw6B6bToxnUZtfRxXxfkqlAkoZQZUCNnsv8/Z6VenLTSU
a49YiUoeUVlslx4/PTCk4uvMqB0p2amSE+3hNUOINeShY9omi6VZl9ouCpIsEwQS
qT+6uI5TLZXzPJY25AtK/F0tuWDR4CdiB5mjUtcVUfGHusNxy1wXUwMi49znJrQu
FcIF0epTS0H5u5+kwvgOmRHnhyrRQmdg9xyILifyt/P3CdYaHq/0LyBVjj/SHBN6
EeeHKtFCZ2D3HIguJ/K38zghjBkHWrsR0IB7Pg9Cg4RB/YH+fn9oReXjJbhaF6Bk
F/R99aOrYmRzKxB7JB23cmEoB61MWrHGkpVEkFr1aGevxJ1SIYYJqZxk9q4m2Qs8
LY9BLRRO7HhYjM92Jg+S/gv/ONxUAX1Y6m9+uzvMdyvSjEWJyEdlHzPvK9R4Vi2h
KtP7TPzOu4SQUaO0v60ez3wCM6oxDP9gaV+1VjJRL/+ZK3nas80l/EFdlh1AmcKu
HoWMyVJwpTSaCPxJXrOcMYo/wBZCupupt4geiCXpwZ7REHUWU90u+l/llDcasM6R
StQzey58ijRLW5HKI9q4Bz91fC0owp4DmtqzVeMB1hPF8wcSXWbc+M3Sc9ApnxJy
S5P2wyqNOYRowwxF88PF8/19e28AfmM51i30keAgepve22mGZ5UVrHCWf/QrE1mn
roVidbOVg78qrzIH4ggG5wN6HtJgHVa8Fuf7Nn/V6SErmA21ZgKHpSw656j0zgy5
EOOMt2ZsAQvvnePmsDtDbPdAsLlMu5O21p33bhLyhZbOSH/J6nmNhH9nx2h3Vqhk
BtJP5VgD4sTqBGAeuHGsC/iW8LqZ5W9AXv++QmvKPHhrpb3j2i9C5fOy4VBa1qJN
6EP0nowR4LEq0dWqKJ73UfBE1VLNe/BZ3iWTVn1BtxNp+fylb0WAHqtWN7UETeTm
E3wjLjOD5f4KdycgXO8XArTlUgXGrll2j4/NKIYSee4XZi3p9aw+xjEY32+YxKme
Sx15KNV4e5957r9npNsCSVW0zdCtqCLTjIZHSj5JfFKOnLne7ISRfGi1k4SKvXWu
kEGMyygqkOnMDRpaNtP0pk5/Vr7esGxNdoJ586+/mQUw8g0K8mqp4gLI8W7vEG/b
kNtDsgPulyFzEQZ4sxY1NPcB07VfBeDv8RBfaD0SoaUJYDQzbN8babMUgzSg4Hnq
G4YgPHgQsnqWwlKSybBun3AZVJHfyCM2cqlR7/u57ssLS6DthmEhDdf2v3p3cJn3
W+tDiNzTv2EmFnq8sDzEB+CyebPq3BbmhtlWKuDjr/IF5j1tBdAf8I7pp9S0G718
x5RQt16MnkZzKmGnQMDmY5q7QZL2OWVNh/hBcKU01WsCJL0Ppl0146hJ2OTW/F5E
iY8e7eCDcWsX8PtQUQQAtaQvxaXlX9sPmomK+RCOnWC8XARt43aR0Whl7LPI8oys
a2UJ4FQEPBHVGyBjppb+9JxWGg3//cso4ZbFCyNGoxRYdzSygDiXP4ckKW+qBBXA
kJMciyVb2eyCimV/zajEoJupCHWCK1HLlWqiONZGG4FHjF3Mpz3/G3Mwnsv52xpx
EEa1+UJTXdnyOcHM94Ei0Zih1GwMJojCBaPWnpWGSxBxzoJvISM1TZG/nQUNVL1+
mN+oqm/po99A2oHxaYzIf4kEFCoDnZs8FkgAg8awqw3v72XDEXm2PXt1WaB49XGD
RubEYr21lGqbhdVMfX6RG0Fr5DPMvfqnPH0VemD1Px23Yg0KfCF4eeU+ZmIN47sX
Zu1nuPHoIIzJLLfOBedrc92BVMRsiVaLjOkTxDwkSyuDJAJL95K4pys7i6Ck4LwW
oKaR8IcWAAxtUVwf6u/aH+ZRKGyOty6YB/ol0VxJJ759J9E+KktaGGwoY5/U+LvQ
592aa/C8khNDK+G1PnJkZykCZDzdtdQ/ZDCXE9NoInR8SVt/TMXdx0qLHtwxP7Cu
a7W9w6PrBkiiiRqOsER7z3XRVapr6MJK9oPwfnDstLuBrzss0J05zbkiAFUx+U68
6XNG5HlHZGl70eVFggGfMX0n0T4qS1oYbChjn9T4u9DEHQSTzheaWc9G/onujEH8
JRXPUbbSUhjUkbUxgW3Ll9+Wt3WZaM6ZT0QL6uFUlYv4hlFxMgmZ3DcnwlP2W4ES
wSyFYwoNR2254fSNW4DArS7Wh0+O1VSKB1CUvdcr5Mq+RbTghxIvqVvxhieymzJ+
hSM7hVQHMSWos/DYr86RJb7MZ//T+iP4n46/4yiY/4MWQy056Wlg+Y/WXSN0edWB
ap1GXhAkrEuUR4GL4LI9CENDdi76wcX1kmvNL/rXLJicslyOYFhTF7cPKWGDrJfR
6+iWe+xLruQKT9leddz75TQVMQAkVYdVQTSaNz7JibD3ifYycR/ATDyR73aSUUAL
3YFUxGyJVouM6RPEPCRLK4MkAkv3krinKzuLoKTgvBagppHwhxYADG1RXB/q79of
WgAu+jmOuJ040V5VpBtSYU5HFHGP//f5hDe5ZfvyXnGjFWEegJ30NErnN5auh5kG
r7RqT5t4HLIR3Od87fRVNOhZwJ9FE3/Rq1f8EvPvXTOprGlNN189hJZjsJhaHczu
45xUzP26CWa0ibiXqrQ/BGAzv+lpkxuaD7r9ACp0/VWCCc1QNmxM0D0t1iKwG8QW
/eljEYylARFwMCznaMkJvfGMKN+tGwhchEPv2nWxW2fY5E2+hpZStOru8uRxyVhZ
tOjzUj6+5DweZ1kIeAKCc72NBCU3NLOfhsgOulIyDzbaBK/wQFf0KRd6Eka2C/ov
yTNZT7k3vSvLeHARk4RipGS7qhjo1ys1esq28GVTBw56rmRq8d/1qpXNpAZE50xw
J+QN3ygjwHdR1Ib0DJv3bwYUKbnWemERg0Jg5gAPBHbf6rvMnRY8rQHYvownyn0q
qLZvFj7GRQeccUMUcRMWsMw7W76EWSKL4nMAjviKF7ysd7DONQXnwQf8h1q/x++h
fapX5zrrCyjrqNZqdcLb8SkQTnjdHDIoY5QBNU+wbYKIkysFJFjmP9di1a+IqXpJ
IzuOJuwnQt1fa100i6G//GolukueZMTVTNd6bm86boMd97fkW7Tc/yq32AivH1nl
ccudmBIPxb/rn/4F+o0HpB5eX6i95IldOwI/tUqyQjQrG/CBQB2wk4gRyASm+O8E
PTXV3f+v89AOWnj1QjwtlFg/k28Mhru0YUCd32s4qNZuulKtDsavQyXQkENokeCy
lGySxW+VYs50pfcjoW9tDq0OFzgEdiCr/VKATDrEup14HXPzRSHCoCPkCc1HT5c/
meUmYRek42jeH0auYkIb7f3YW5iMV/VNCyIc4bQ2WpFNG0LAXzpoqnsUauKvSDIC
Lh07qDtYgYvraVg9WtR99AkQ/UeGO4FBpyMDKCZZDqM+AkcvNCMx3ck2CIu4Mt9o
mRfyM5V6LhJns8ntgehriiZ6n7lkccEjbRn5/EWu7xVFg7WWzyZdQa8YrhjG9pzE
c4ad7qChEpL8Ov6qb2nn5FQND2y16xax14G/O3CONLDuKtW+ipeJw9Ys1VlCyeug
Kr00nV7X2peKUMCcyQ6PAThER5qNHWRDHVVBU9YvvVZzpdvioSPDevta5hghPKFz
UW1QaEC4w1ZycELqPJMo97PfaBweKwF+w0im7ktjrJGa+S0GZXBkp7G2JwQNRda/
v6ZNVuHfI4au9zZzJasqURLAFmKakx+lpHmbGxrb0JPT7Pcmgb9f0Xxv0L6vCEhz
KIbS2ou2KxS0tnxpe1LLHMzuxy9D3EuBhmkw5iW14xt5jFYDZeVi4KBFeePvmANU
kZ7N1vo7LxMP7GiPLQUx8oNKZx0wI2zDMMXXFH/voUXP3uTWFMdNA3khLiZUvY8S
wvU+ReXMOIfCBrJwGFF2a5306eu7pbWOSeGHMfGSC+15jsZ08m9Vq6RCVwe/zP/l
vSD4T6oxvUzcXDvcr0zUtlV/InZb1rfhxlvzLnyes39L4rM4sy2181Wowjt6OFWh
N+1YA8o8pTabPbjeMUSoBj8Vf84GbpEKXd34xovyuLkaPD939hBpcmWhmUmcqvcw
GUHrqnDq6vulDkngV1W4TKnd3DYX+TMC+4DhF9zPV3MkzAtcCLLaYwYSSAGRfNrt
vWYzsQHc9bBE0Mg4XRY8DAZOJNtJv3bbfQarKv75eZ9EbQqp1OPIzQcy2wcGt7qB
fpfaMKuNs2y+eHWErDQl+xQJ7hj/8/VEaFRyXrWMcNq7uZDNsrX4I3MEmYZJyG2z
SHXSFPWjqyx+MC7KGiB4WJrN/YG7kXbAkXnMPEunLHI9XTAJDj6Z9whVoO3yf4tE
kYanHF45cFtsMNGqGEi/lu7bDLS6i08qZhwhfTGcOI7aiS6/PrdfZy2jhFE2o0hh
HukPpcECH1axJm+tziftwIxa3Stpoyx4cUINsF6IMGNLql3/1QvYH2kH8sI1MpWj
nBV4PigJSF+qXBDaU7MlyqJLs+Y18p6Id622VZYhtexLKc/DG++s0nkj6k/rRHSJ
OcrHnyelNEVwns/y9rOgqsqKUWG4wLRXFfuKmIREyIlXE+Sw2u19nEapRiB90wdi
rLwv279TMi6S3JeIbyeXdn4NCqULWKdAFGP494exMCPbOCPAaglS57fS/HkdH82Q
rlbgY1WMBwhBnl2veiPgQDgxtv8LnwDFVILqxhWKGq/Q1SIS8V4BgzFI6ooAxuA9
nSQjgRUk6Rb+EbTuAR4C8b0IKTQiMuXK0SYfU7eWmAjhhfw0hvmdcGJjx+IFjDgW
fwdQgD7uJcDNIPN9xK4lW6U0oStaH+D0l45gpBxe4pFLKc/DG++s0nkj6k/rRHSJ
J7IQwOppwaQy8amLULL/iNk3gvIO31L+Gdk719J0fIm6XUZ2bqu7OIFY2OIbtXDt
n9Kac1N252fq3IOMexQIaVFtUGhAuMNWcnBC6jyTKPcQnpy68GzZVzUiEp5QbTmr
5H2Aro3vdcfvZBuD4TpAZXZ2FP1qHptx6SvkzpQccgIXhu5h9UymVjIjdK/943Mr
iICJVuQxEexKAk6Xvh4qNilK8NZz9sOPzh7Czc0Rt08GEsZEMlQfAFEcURp7X5aL
1VhP2qcr4nJAsMgso3UtKKJfAAxwy9F1Vy4pRNdG1+nKj4w73S4yUtCbE+FpD/lE
/gKvTfSZkwf5SMzrwhYMkmvJ2E2t0WTt3uCqTN86a2TPFpHXksUTgdNmvgIkbZ7n
FVS9PrSMKc77vt0ByEqAJi7Og/ocsBsLfvjvIP9I5XHtAt4cgQxmysYhwPNmoouC
cP4WZ79ETyjjxwuKu+X2DXOau53sBfBMgMzc1fr9nzgRHQUlCtUvTcbJvc2E5Lj7
DhGmzA+A2ATDpPhvAZDIs6THqE1a6nHiOgyjcFW+UKw2Kj/QzooVNJI0Ze8h2HAr
9odEXe02imXH0WKS69YwbokicHmSMTW9vcKa48I07sY2OPFAMjy6fYjw8Z0H8zYB
H1p1LpehwfUn0RX9eZvQzsAHa4udQDwKDC1PXABbhRzE21qxDgRkIKX8Aj98iOvt
ZYqunFDYrDmMrUeN9+SsP5mFGMEXG18UXvn49ozCBiRpG9S0iViESEM61E+e4/vd
7++iGzHkSo/Adao77aHeB2i7I4c8CnrR/DtoC2QBfuB0l3xpWeTTI0QsY+1WP8Fe
NUqy+/YFcIfxrxuQBoAwUVTM/dJ0C2F4Dh9kAsT/7F5gQ3jg5+aKjMhGssDztZf7
tEclRwePiaStpDo32d9QpPvKMp8yRKWOFe4DIPH7EwQksURAvXL0zW3HhtQEnO43
pS8u3GCm7Yd4F6kMNvbNSwRcDPqBxK8V9ZFyhLwEjFH3BLEmWifjrGaHMcssfexO
qGlLs+dBFpLqQC/rd9JbbPK/5B/VQT3jCNLxfx6YcBQAViY5FLovrqJU0Zy2sYk7
NnOVQmXYsDZIsFKBqXeqajDTlHblYqRxuQGJFMVZGdTqqJ8486N5JHTeWHmPfmbN
sfCrDVBj9Y9F8+jNHoaikfrnd6ItDomVSJ756O53O4rjChhebZoEqoOtQaaGAkHm
HEowcybwuKlYBicU0vnlV1QQVRA2hN8K0+D8ow6O8Zo=
