U2FsdGVkX19hdzQ1S01qQpUGeHU0DqqI4OmH5/S3fT6pYdx6y8YQ3uhI2e5bTxWW
IMrRzHhR9TKO1TSU2EPxemkGXjktc7Jo4Jsx5aOFGCBDC1AotRVSf5FROMrevIRE
u/1EqgHPPgSGSaKBMmbz0tkzjb9Dx7Ux3LD+f4ujjM1r9aKLky/btKgCi+0uE+ui
teeSuet8dImGpvN9gEE07sBdx6PParErJwDaRXowW4EZmfQvpK7N41/kAavGRmNI
qLtLwU7et7jf8ICfQen1LeJmk5QMbGsKY9fOvqsQquzR0RHudDXw3cozpV1AgbLg
AQ/yPKnIvX9pShE6hxsrTMsezkeOAKV1thuqfh4cv63kFoaT5E5cvVuUVYt2lJfw
wiqjckn7L9zAy3K1IF+Mrl0nxqPbguXpYjTJ41gfW8KgCgAMZtote8oyzEBrCUJT
3A1CGGzTZ7Dd80yOld7gNwUrcX4tap933TVWptKgAknnSxvHfuUPM2OxWAzsOzrE
iWL56+x25swC2cyn72/QoHOxKB+aG1owFNk4hdReABXmik1r0ruR7lcJA155MKgC
kIVKRZ3AGmKSJwBk2stN05K4mWotv/4FY5rZpzm8dP/W52H3vHoREI/vDkpl24BH
Jhm/HZubtdUcuQzFWdUpr1OIVbHiMBT57WibphDcmsxHsDIJ9gXVlMbX57HiBEfK
2l0eX7fdknpN1LwLWVkN5Ec8QbobViJKHQGxuODJnuwyQbMqOk9U5mc5rpfmlao0
Cy/QO2x9yuhQv/v1cZbQ13QgWC43jBla1q2udSh6qd328FoiPElCuxyuOGh7i4ot
EkCWExVUFFx3iuVLCLjH9wri3KsHBPz3C4OQq2TLNCyyfT9UkbTFq4uYBjjjNpax
4+nsKqafznGWAgVR+oaVrAhJG4WvGRlohdUu85+Mx3+g4f73lsAZHKYXFSBtTZ6q
+XxXj7qOfghA+4iqtyxPhfHrGU7KcNFyedVUCIuWgrRChjsFrjT0pi0Hm4axgsus
OzuU4GojMHdenwroCWGURlE/fcl2Jg24RCt74EVISafTbRsnQ6mnYwWcqwd/f58a
4ZnklL5LiddqGhkNjtZYNW+dkb3wM3SRvLbwRwDaeL3gQ4N4okt4f7mSFjw9YmJi
Q9abCSa4I6fLqM1ssN0wXCy/oMoPfIYqM3AgFOfQ39lwUpJDJ5S1q0lrXTuAFwB4
gyos/vr0K5wGlpeZvpABf+a1m3YsFWlgtyvCLZSldXDB03NRGNg5Yv/c+6N9Zjfj
mUfI/KwTvP4DZ5oxlTd9TuzmZNfSqkql6Ek+i624k9DzjEn/mKnpRehGzNtiNa4V
mBytcPQRhPBzMllxaWWjjVvBtOPKVuueP2R5z4vyOZybMNo+hTAJimw5PaL6VZpw
fpbgYZwPsoorT+ThIdQ3uilFktMTahgREZu4hPQ3GN/LRFzZGX3ufxifAbtIuVT0
9yGAgVSlFyvEinI0piX3Se23rri/n8w3WgJ95YoOw6W5LieBob4BAJwLv9S25YP+
YtEb2h2WJGrBxrwgJuoaWPRBUK+4I7jtqrmB5fbS4rOfL7Jf+CsGAacXPd2Y6xSq
JTfcDgXfXQnnZ1Myxxeg4BBIzw13U4oE2OTBI9dYzmCyzODCEfqxT2ibxLQKaec6
fggFIUuXqDdo6kZIIZH6F9VfE1Sr8Yrs2JqQ9+Vx4qiy3zVwAlhxpBbocvdh7wrc
iUj/y37RKcJSfd5pXXJQz5uWta/vo+dr7MfbF6lJvPe2l64jCmhwZteXUO9uRc3j
AmWKnXbywbTT9p6GLA6jV3PjrFG4rJmguqDvQNnGrg56w/XgIcgYC1T8n0c31GQQ
X2S4t2iZjU7PGItZ0S4ilnlyMKyRld9L+oKaK8m04KkZhVV9nc9CpSPGW1zsaKCS
RyS9gLTtzIbVnrul8qGiXlXm1IpkuvDlNWo+o9ziq3p/+yzNAbOW35CDVGqy7C+y
a9OpCpPKGjpJbReuFwvXHjD5qGPRwDZINV0QBY2OiARbdo4+zd2ERBs7Cq0FxIeW
LZUYvU0vnj5DkZY1jsbmp72/O7N2wthvWdi8J73S16NDQnyd7CifauTxZVCX8L/3
vFK+TtCJ9jESSg8lcqrzRCQg4yBFqzlmQfqjxuIC5AMpgvIWPuE2HRaT8JNj6aBc
qFcWwyyigw8Zjt3OPqCbhExTa4sA7iGtGxGA38WeVJC1Asom7veEMfTk8KKfuwrT
qmk+SP6YDHZAZDznq1Hu2mvsvzdCKDxXHV3WlbzRZ1mLe2O7CvNkMnUUPe2++99t
fCikENapCuDUoZJuPIm16T30iB7QXk7nEZzWWrhx49b70DQBJ9m4W0pBaCu53xAA
sx6inr1b9RJFTisKRpsU+87HIwSOfpDqDjzQBcDsxLHpOMJfRAuQaxgqJB1p0xRp
+XjKl9dI7a6Yk/u7vyw8OKVvwgZKTV8lsjTj2wmq8CHLfaad2kY/GiK8bRdBjMdi
viRAM88jBFUbPrbiPgFlQoGIHJFS2nrzeSCKv7l3rDnbvDVMsS6GYFXNG5L0OSy9
//tOLnMATIuiL6IPkaEIFWvsvzdCKDxXHV3WlbzRZ1mUfw36LF0Ep/N3S8jwYyuY
qrqM044FAMNpDheAeoTz+frH45e5PiYfOv+MPotvojaiT4y0WSQTqM+btjg3/s7P
j0YUyMrNJ0dqPvwcudhOFRK3f2VheBgf+MICtcbxiIB16nQ0v4ouJTR+bnIT3bm5
Rbpnm8dne6BpZ99E6dvCiFLWS4oBil8OSXnZd1gVDfsk/sR0ZKX1xiRkDY0CWueL
p3z17uaVdVflKW2kVORSAqHJ4S6kpSzm+08Lo7acSb9QgEhgiK40a19+CMvbR1Em
LP4RMpdflBTQltZZsNKejGq6oV1Mj3WEGkNB18RnNCYHj4BApdgT8TbGyCdD/QZB
SUJbg/miVPdcEvDJfZbrOtbnYfe8ehEQj+8OSmXbgEdD9T5BcozAMsCYLP6kFuCB
y3dc6fyvOVWkHoQ7M2huKHwR4X+Xmr8Yd7Sx6MnVzflnqEywdADawrHA9ZEzpBMW
3tcOkhRk7UiPRD0J4G0Q+fi56POgrlskKC5JewwF2BKF74+WkXPcN7p4v45OdLav
vp1gN/K2wc3lQgNhgvW8da+F9IB1DmGTx9Pmzz+0uUWDR+WRarfAXPfHjCWJ0fDD
omEtegJIgW4PqTT49XjEAhNXuKtLdE3DvgTLQgsyNrgf0Qhx/NsaImOPaIWB5L+4
7Av+luoNZ4fOEQ2MJcC+1NpGP4Ltc4j3TbD0YEzjDjZz3AVyezXLDi64sjwAk6Dq
RiL6lD6dFOlZp7FpzQ7MV2hJy0I1SWwt19FgGZandOhdKtAhC1ACq/VRfIvjtRKl
F/4lg2YA6KBzVx0JbEdS7XS04gJt10XN66fxgMwkFZU0M1UmiMlKyIyHI36PV9Di
a+7mxsNCGlYtTD/kiA/KKe2bOOXXyrQtzDd5wEGwxh7ssVkS8K3X+KdCnJKV8qqA
zGHdq42Dexyj1YILXCepSwCLjQ4WOMV7s/7APaymJgr9nhO67gDoSmPVuEbFVeS5
hJikHOTJ+JmU3BP5xJZsq5N5pNKXsEjV7C7O0wBgXmwh3vCPcqyErjAidWXkS4MZ
he+PlpFz3De6eL+OTnS2rx79P085/NpbE+R2HszFDDfCDXPlO5fof0vyLQZgKAtI
sonZdAC9usq6cTz7fRlDFUxP7HtbOBF0kKSk6cZpAV6JivwS1GOTKh7Y9ehC35WN
hq/DkRdSHREH/ovNP8EnB2wNLAexh3bn6zV2Q/7vM0IaCQyzl9zBwT8iyfX9M2fp
bgBkBe991/ge1HImpsjJAS4bt3JBYmzKA9sRy1NHe1WZR+NmIQ0Pkkvs771l9Jfx
8m69AGtpLZMmBFeAGRqRCppIqEgKxs8h7JfT/U+TVAc/D1R5EQIUmXwP1WI6QGm2
n+MHeJ7XN0KHvdh46d0pAqtLqn/HD8PN5ciYN6t1xTE3WDETJR5QE+qXcbV9sz8r
ZPXeFJmMr6EwdqwPjt2H6vpUAvZGMrYMhpq8V897CxF11GVS9AoW2OKPhcdUzoZ3
k1NIJXnBx2TrRpOEHHUH4RAhsXUn59T10asKn5CcCmJjilOP65LTUpBkrNOPZJV+
H2GHv6EWItzimCR0qWBWehzHPBGW9eM0VfTp0em1zJWkaeREHExJ6rKBMxjkN32m
A32tcM9CRo+9PUpCEMcfYqlw2+OGHng8uOBvy11NXTw7EHEVmeGzD6loCqi0hY3s
pyEPuAKbB/2O/m4VxKLMgmq6oV1Mj3WEGkNB18RnNCYHj4BApdgT8TbGyCdD/QZB
UNRN68+Wk/M6blA0TC2W7js7lOBqIzB3Xp8K6AlhlEaI8/KzZ72Mp5j1qhdEevds
VR7FXxeEHgxD5d0DWpJ1acrWYt2kDVZWCcsbaxtx67iXnyCEDZG4H+PpUNetEjKM
2lvel35ASlev1jLGmRm/+OW9QUJk13vR2SqZFgt4MQAaRwPXEYzvYUBuO82oi1++
/dTBziwICWePI8LUT8XQPJNCWIVOVugvUIss2ux5dF/rBKea7Am2Ru/KUxWG1ouD
mN+oqm/po99A2oHxaYzIf/W6XQ2MOCP+sd9taYOpEUC72GrKCVNEC4TR/T8LL8aN
tyAUpklNE94ZHEvALiU8j/94hJgVf7RaJTJsfvnc0BApkbqqafxbc02zXH/2JwTw
NOltuAh1sD1bIH2u8btmPqRp5EQcTEnqsoEzGOQ3faYDfa1wz0JGj709SkIQxx9i
d+619yZ3AExPU3UDpYhTWWFxKNDY4ibILVxSY8/0Szf+urnIbkS+m9T2yz/Nr8cr
3zERRF82II3+wnH2f073QgfAXq7UVuFxpzRQ4NKjaqIPZ8qxHc90RLTc8YzyDpd0
xf9pw0JH6S9oZXgcscg24IOJNnCOA8KxSq9rWEKcoF3TbRsnQ6mnYwWcqwd/f58a
cJB3CBr7u4CGNbUopsjT2Lf/ba3xAH8NK1LYacxCIMtiUMFSxaGSNuzGhH4gIL73
fhcbu84KkovR0dQYsxZVbOANmlzGaOe4fraTasx4E01GLKQAbHncUD6S/HM5kRLZ
o6jExqWyq/WIC/fMBiodtewL/pbqDWeHzhENjCXAvtQAeem8BfcDG+TG6DI6ucdO
wYxWo2F2H+3Z6fUcDX3ll0Yi+pQ+nRTpWaexac0OzFea4AfLeniSlQCEw8ccUsG7
XNzn1E4qAJuUoW59QP83bi442s2KYXEWQjJ01eo7QoPsfMwLinF1YV+hSwmZteW1
3Iv5Xv9E3AMnyodiq7jD+ivYdEEsYe8AEHkpvcwQfsfWbGw6mylzVUW33La+iiMF
6+iWe+xLruQKT9leddz75Q66ns7Zqs2gKKgl6yPrfmC72GrKCVNEC4TR/T8LL8aN
/bIKX1kNUDIAcvTu80NJ2uLDETNIZMn0xzi1oUgZuA+IVhQqkb3sA5+JIOwwAMpt
XSrQIQtQAqv1UXyL47USpRf+JYNmAOigc1cdCWxHUu10tOICbddFzeun8YDMJBWV
NDNVJojJSsiMhyN+j1fQ4mvu5sbDQhpWLUw/5IgPyimGNU+cwFmPQICvHvnsA6j/
rCMHFawH96pWaump7VMi0edH7SgfzYqHajtYntDD2dx4d75504tftqq+2w7Lvvpj
QwSEvFVTu+76dtyK03ZMfax3sM41BefBB/yHWr/H76H22+pfj82kHxLzG604n/if
pGnkRBxMSeqygTMY5Dd9phryu8LlOwrjM98oQIka3eQs+7mypz7bqZM8kAuVenDa
unae9MKj1HDHGTA+xCefHJjOn3zUYpQV5Ni6SbLUOP/aS0lY/rG3RC2ymWxbCz/E
bdac1o88ipJs5sq63gfMoQcz2KKSe8Hp3POFdIKV3tQ3OPA+rq2oppScAHObzS1V
a9OpCpPKGjpJbReuFwvXHjD5qGPRwDZINV0QBY2OiAQkJykCEgqXPH/vZqGgf1w3
LjjazYphcRZCMnTV6jtCg/3MHjLePxvuEJtak5nyL4nV0xK619rNzCxzJneHSe60
BgCOr4c9OEmO8ozB13fWMejdB9sZopn1wcDeUmEeDNoO/+Bs5LgSrzk8Fq/DPDKG
+nA/PJHLN0HyCblULqwCiKjMWiE+tAin5IrxSE1mKrDA+0IrIEOm09bbyizkQLzq
VwPIkYWWEl6LwBHUrn1Cs3a/CMCDU2PqizLYlIPfRyNEf8Dvt3nCCxeBZsrOMd3H
SaJD2jr016/lqcJCZxSfEOkozMXFBY66eY4vHNa+T7Usr3+NcqU9Rf3yP+D0k3IB
qxisjiqkHrVDPZFqicOvE7WTIgKV2iqfKaZaf2H2Z+ZqC56R0mPUQQ4r2IxbomBR
YwtjrAo3lM700Tknndy4QvJuvQBraS2TJgRXgBkakQqaSKhICsbPIeyX0/1Pk1QH
vphUukCezOUQsQSQ9l2j9LSnJgDo7N8+l+XkfP1K2xHB1QA0fUh0JC7QG4M6JNWL
u9hqyglTRAuE0f0/Cy/GjdOh5a4pffffk2pHNkE1d8bXDs80Px9UQVLkY4VRvCAB
/YP+Qya1GwfIvzw5RNz/m0J15fKOtTelWpA1OZQRYdgk/sR0ZKX1xiRkDY0CWueL
p3z17uaVdVflKW2kVORSAi1rSMJYUWpv/q+bNL9ENVj6dwlXFM+3FeGiYyFMis66
PpFlSMgTpAV6YV4reYoaX7vYasoJU0QLhNH9Pwsvxo0suDGTW84X1eyFfS0eZSqO
sLw+1JxqpUGXE7VkazHFvPb2TxMR0R1rRLxoz0ULIqxf9THI+Ko/G2fhzBdCodMa
020bJ0Opp2MFnKsHf3+fGnCQdwga+7uAhjW1KKbI09i3/22t8QB/DStS2GnMQiDL
YlDBUsWhkjbsxoR+ICC+9xH4b91Yu3/xe7yh7VBvTJz42EdQJI0z5ZXPq5aNLWiL
h2gJuFvheh79CujY3UjvJyPU6pYMDKnSJSrgfUhEYBeRe+SJZsbrZGbcT9jsiB5T
AIWm4DyttvVkZ8YzuWLcMQqIRZGAi+2V+FZESTsBz4CjleIf+GuBhDzKRmGOzkCJ
72CUM9S9PmHVquj0r9qHiWdYAZnJU2ty4xJFMaQBeEzHomwW2R8iFlyNqow52X7P
j2S575yHsuJ8J2ma3Auv8yaS8LQQoSeYnpiGMFUahq03PHgFA8j9YA/DPhu7oQFY
KfrWQnkL6I8YzadERO77rR32WpHrdE2JG66ni948O0LvEii8PZsKBYPDV+NzhK7K
zT9RN/EY8uKZaO1XteRGeb48fOXrK1jvkYGZ5iLULkuolB2E4sp7A686KEARzgss
f8SPwZgu35miY8Qf8BqipAFloQ+j8G9xjxYIPWYVxCWKEUhsk1uFq59vOlNsDjM9
HHuJ4baxIWVyu1LwsEe43wTqOiM9MKrtqst6S9tt6yAz0AGAilYgUQzfIB10c+e9
HUnPPu/hCUmXf20H6Sw6C0Qq0fN7C7n6iUwQMGCQfvfn09ynBIgD8tseQ2xYxGP0
aLxaIqhHNFjeaQ1QSWB2pP01RaQVdosE6nKQRrPg7kgYsa7jL3tjJwYB2aSYb94G
QKfHyYl2PttxOGEG1hJBjpup9Wh7sW1m1Csf9sL7BhvgQ4N4okt4f7mSFjw9YmJi
Q9abCSa4I6fLqM1ssN0wXIy48gjyBpcw+5HpKthpYwgCNaL8oCw5hOMv7vUXebwl
yx/0whFhuC913X16o7qbN/JJHZC75zVOY0cKHgzLFjT1UW52gTfbghUfaSuSdUF/
QOHXBWnpM6OydVaw6hJRtqevMpjY2PrwTRaDdnr9YsmjFWEegJ30NErnN5auh5kG
WrISfpCmsfcRbMhbkZ5ghYUVtnBtZ9Fu1iGw7x5CnS7+q57cjwUEacWQ03j00jdB
YwdWpsz0OE0r2JfTNEOwN5RxVrXbJsnk/ce9qqAVqD8Sc6Gnl49MaxroTl45OU7s
nlmk472iATC8PA1Utnw3YG4IMRKKqy907uGZ+qJ9RhrAXcejz2qxKycA2kV6MFuB
GZn0L6SuzeNf5AGrxkZjSBm5nwYtUvc/WDnWO+Bkw0RIfu3lNbtkV5ZUjDT4laxI
V3rsMxJZehL3UBIt5XpHPfLSCiekDxckKYAiFy7HN7nQlGtldTR+ZfBr37GgwFxZ
uCVM4r34T0BI+IYPN58xGVsDFvoc/5orpxw7DvZL/pPRbm9bx69ChZXS+A3s8vjQ
l7oM1tcFQrR39jrIq/rRH7aXriMKaHBm15dQ725FzeMCZYqddvLBtNP2noYsDqNX
c+OsUbismaC6oO9A2cauDq53sG2iClVU+kP2u14xOswvw3Vs64BDDEl67ULkYeng
i4TmI55G17+o9SWhmGnK4TPj63ONzJcRWageV8s2klKP7KnAd/7Jo+uHM6alvXFU
AvfLiZPojNv+yWaYmt79RfKf3vWxW0zOUuzSY1Mlk7yiHuPk570Kmoc3sP43F03v
qpHWuR2ftUgvHk80RMUUZ1MrhzRD1zFxcjOPIy0ZWbp10VWqa+jCSvaD8H5w7LS7
RiL6lD6dFOlZp7FpzQ7MV6gTNBXoiNOc1YzuwaLzJ2lR5QsM8Z+ajrRTp+rN6ka8
9j5yryqE08zbEEtti11tSv3e87cPuzqIzruJZ83j5OV8jLAQ+0s1OTnmI6uwbT4F
6IaIkAdswrPuJvjet2+9anFyp+eSu9KHYZ9SErFPmZqolB2E4sp7A686KEARzgss
ycoKBc1vvWhdGReBQz+SwFarY2qXCNVGAAkfA/dlZD4R4r5l/jrOPFeYPsT86c05
E7oaTAr31vz/UDX4FjWh3jOBOboYqpeBkUEWaw36etUSwXo9jcYSQYnN+XCfuMml
K8lwAwS/s9AbJKKXsdwLPxfYoHmbhHdbaOo/GlE+4uTU9uB+TDokXlor+8nmroy5
skL/nmWkzH0pLdt0TIHoeTOBOboYqpeBkUEWaw36etVgn05VMOu9V5+xQHoEWyT4
w31wzzQSQ8Zsh7MBz14mIAmJzFUhtCCT5YRuKnsa9/KLaSEkycs/2uP9EF6mR+oH
d77Fn/6R/X9og3t50CP+ZWDx9MaO/slkvHvOS3GVpZOptix0bAN55KdpWPd2m/2L
xCqd3hb+N2KdhM2rE17ddjPj63ONzJcRWageV8s2klLbdWFGZY5fIunQxlwIeAYZ
CpU8RC82eCz1T7VK1MpZ91/xm+zysSGIKvyFqTpFVScQhNsRWgUNSXHnAYRuptWb
SJWzHi3CtueFeR4Cs1STn3BpoGLHJ5O++EoAyxFTglAMTkkP+V5xbfyeVypd6KjU
xS0i9imPXMOQzySaGYaHgAL9vHnIy605+l5kx97GBSm2QEbzOeZ/h5/qUd/Nc0U0
L+aKJ6Ng35scCjRdM9aegld6QpVocYKb+MutNewDy8yrXAdO+FPpyuyAVyk+4lPj
bWYmm7c6cE3VRqR+CgNxIv1NXSIO+qV6G7/Oe3emQEwNGT23y/MJcdquLTP7hlqd
3GS578nO5OnMt5Ti9OIbOHOxKB+aG1owFNk4hdReABWZR8j8rBO8/gNnmjGVN31O
oh7j5Oe9CpqHN7D+NxdN76qR1rkdn7VILx5PNETFFGf0xgwfLK4gFsCOOZPf7SLL
qFcWwyyigw8Zjt3OPqCbhExTa4sA7iGtGxGA38WeVJDLMEA9AABBtgbfIBPxfrm4
QGrVBa+1PLBWOj5KzQqoQf2D/kMmtRsHyL88OUTc/5vi/VFv0I/p1J2ils0YKOJU
5AMyQ4AW6Y1RlDfLVD/qU6jMWiE+tAin5IrxSE1mKrBugl/084/u+lHS/OYVUvD4
iI8FVJEOFs9Lj2Uyco3ipFaBkE7+SeJWMXCb0uFdAGDcL3RNjIDaZ9/4PUfcSXD6
QUtDuftmYCTJICUfqaTMf6RDyRN4AmJ41fEXHdinvx1q3quZWvUVKtvTJSjZ/wd/
057tmyKekdtWJrNbxAySIu4jEI4Rwm3QtRlUfL+zcK2/K1diuEB304cj6kW/sy2s
9tazRYJRCYwPSJU6D9e1FJXHckmRfzPlMSUYJoOdJuXs9lrno3vUh6kXGZNI1Dfk
93UhpjlozcwBxnDWJ/pKZ9HRPQYfCKa1MO0UO/chA+3FzVif91hUvDcXd0qK09zb
ZVzcqKehJcDai7z7asltnoGG4sX8DGb74JCN3H28JL1uAEA66cc6UHkqoPMmSE1K
7BWo2DuiPXpcJxQHwS0i+AAm5RskMbxA7JwVN33B1irKt/wms84NfXS9ExuKIngp
oh7j5Oe9CpqHN7D+NxdN76qR1rkdn7VILx5PNETFFGf9UQ/bE6x3vJ6BOEI13SPS
XvjwUOszzw45+Ebth9RXra/uZwDZnPDDuZoIt371oLYDjxqZ8czSCynJzZTB/mDS
9qbIxQxMSc9xT9nrz4Laf1oMaH76BHKd2UJy1sullwwDwSWgf+/C+kWfJ/9NZ4z2
1Fq5EtFu4wu7826h7uBwVOBDg3iiS3h/uZIWPD1iYmJD1psJJrgjp8uozWyw3TBc
ys3ATSOadhgayyfiYBjmUFqgySoGl8guTxzfS94/ToAnMXMZQ0v3wf6Q0Woo/WO5
7Av+luoNZ4fOEQ2MJcC+1Lp8UH6mHzwzpeuIbVLv3w8kbs1GWyjSEMEl7zWVrlHx
nOjMniT6vF+7SZwodib6a2HrJf8FjoEptEaE6RAhL0rvEii8PZsKBYPDV+NzhK7K
HU0OFC1S1xmbayxRbHFqh0PAiu9ycLq8mADJdb3RXxzOJdlmNA20Z6pRnHtNDMvP
td8xbEjUqDGF35m1Z6y3ksRjDDf1tpzHCX1x4F4th4MO93Ku8z0VJr96eZ5PzYnC
9AP3OpL+dhXU+L+Ydj3goY+x019vU6tE/fZvlZoO+T3z3Bh6NHgdEGBSeN9MfLhj
3bkCIHYDPfHrgH7e28UqrDM/6snh94oefX9kEmVUlPtBNQ163ZaXK1H001cLudH6
l0VC2RntjKDafWFlqIwpZvuj7I/XEAtzJQuSPZg2LWBN1OPq0bv1+hM6gJl2gb+f
7+9lwxF5tj17dVmgePVxg4nvb9175KCIyiKe2aEBBvNQUkICU/Xl3sW5tCr1qkYm
dXgV0qurHgbgGMMuU+9xYAJg8uBkSGxHFniA/My46fQGofB3zejQPvRCxa0IquU8
AjWi/KAsOYTjL+71F3m8JecVGl+f47htQQ8+Tqb4qLAll4amT08oPJVa6BRSv+Pn
p1fv/09BPFtIv3m8YdkUKKK4OnN+ZEYv9kFA0gKroiT30jF20JBEdsnLzL3jVthY
Uw7+LdRV9BGC/oNUWzzJfvfSMXbQkER2ycvMveNW2FgyTLRSk+EpOFSQC1GBldQ6
biyucspWkxS3TMLacjVWIwJ78YLGArKVNLVzot31Ckvy1x+wX8VaR52CGsxKfC/J
Xusj66S0sto5AY1Mx7Y/tT4UVm2kzBE1gtQHZKjeUsnuHaC92+WED+q/ybdO92ON
6ToXHONHje4N2PZqIY0k1g7TDjvUkUh4U/X2sLI8l15khyLBUP217oASlrcRjv+5
AJjtUj9WK8SBEV14XNw53l7lv8VwrPm40kog7MqnP+TGM06PpzdhrzUEM1Ou71Eu
4woYXm2aBKqDrUGmhgJB5hxKMHMm8LipWAYnFNL55VeUcVa12ybJ5P3HvaqgFag/
4Ih+RcKI9CN4G5ixOWtRBS8GzZeCrIR/pMJzk3Pf81Bcte2sFgsMYacJp2byX7hx
M/c216UJQvw9BNRDIlwooompkD6Au6Ijc8nHPC9ItuRbNAH1kwC0a9tRUJWyjtcA
ze/ciOXo2voR8b8UImQfFEE1DXrdlpcrUfTTVwu50fqtp/oP2oq35iF8Hnm1TKRO
yURXrqkt4CcmJK8bFFFUO2uRTXMBQCj9/1FGaStGFgJehzLyKlIf0smLxZcw/N3a
QcOc1syu+yANK3Af0xpwR/mRAD0bgyW6POxM7XzYxUMn5pMHQxKxv0E0RCPG8ftE
JUOG7G3geVOB94eWjJIJa4i1QdClJj6I/sFQBSBnupho7HYV399IhMxW7bIeQLmi
xhtBcRmZguoM2FEW8XbKOEstWBiI7YCQF6Guwb7PZF7maXLke6etLdCaLMCrTug1
PeZdb5upDfaiwfNq69U2B6x4wrzcdBnOOP9I6Aeqf2tXK8wyqXehyZscQcLsc7zi
Oznqpq77I7SYDFsn2r7eev0N8oJbuF5T00gz/AXP7IoVrFeR3YIctnVIJOWp6nfX
sv1NZUA0qaIROp4dM8D6HSSvK/v3QjzrMC35mHmBddSLX6UORE7dI4pUGPiVDGWm
s1FqGg1OVo9N/WR4opgCyk8f6l+6NNsPQT0wV3eNvjMg/RISeUFaD2OrHe8muHq9
1a6b1tbSbOHfOmy2cBlkmzcxWVJArhS2bZURASY00xleA/8xDXN96FFrC2gX8ZBo
Tr/LF17OyEcQbK6MPZo5ibCagvqtHHSl7b5Gj5vYW2UhIcuJKen1Cw33HKsNGAk9
UdQM0w9s6H69TWVK1txmpTWQ8R9LgUEJ6ryxKBKmMgd3JjPQJesFkCg9u+FQLtd9
T11GPcGZ8HvBpHLii8kRH71n85HPU1/1dejpaTuMjVfLRFzZGX3ufxifAbtIuVT0
9yGAgVSlFyvEinI0piX3Se/vZcMRebY9e3VZoHj1cYP4mcmQ0Iz+euLL65RUS6WB
8irnLr6Rf8X06SngKyUIYn4IBSFLl6g3aOpGSCGR+hcKL93/ExLKoL+gUkLkcduR
DPKwFXhSl3+0FdhyDq5LWBQPppgLlH4MBwnCN7vq2WOP9oGov7Dinbrr6FH0X0oI
u1FR3J33xEpzXrzD0aqnyBBGtflCU13Z8jnBzPeBItFrZV5f7etzGBkz5Qrw2eRX
4n/zkoc4+Kyz1F+9k618ehv45ZENMB6EfhwOgLGs3ZXv72XDEXm2PXt1WaB49XGD
L1HpLN67oFpsY0e5EUrC9/zXw4bgclXwhdaddsp377Pa/4/4OkiRY/WIHd/PUuEA
DPKwFXhSl3+0FdhyDq5LWCDAsOzXb/YuYVcTvaHZNFzZzZ7X2B3Xj5zDL7B0WNIq
oN+t8gZVGHg7BvrHLt5YmBRKFgVDbKVhCNn8U5Dojju198CXf0BhqAAy9dSZqmZu
ZI8Ki4x8xNIRj1r6jPYgGOVf2uGQ1gkTsZQKWQbkzqerZEQ/uE+uf+WHtnSmrUqo
1a6b1tbSbOHfOmy2cBlkmzcxWVJArhS2bZURASY00xnbp509UggSVe9ez2uAKXmy
mvaHpAiALOx7cvEl2t37B1HCpg+Kj7w5psPNaDxQbd0g5nvyrOp7CXrAHzAy3jtz
rtkVTBlgWxtUoJACdXhs7qiUHYTiynsDrzooQBHOCywxKr3aD9BnP6S6Xp1A+L1f
yZ48M9VNMi3Zlt1+EDzbj+pirsg/AJ1PKI2Qs0XKnXUqdQ+UJoH6bARIrtjZe4ho
a8ipW0M7jJDT81pQvssaronxZfMND5eEtrMWqVtthCrOiunbJgGyz9vxNv8HyrhU
dXgV0qurHgbgGMMuU+9xYMfggovjZ2L099zH5C6MsRoXcjX+TfPk0jwWranZsHMR
OTM+ISzLbjeKxLNK9GQFrNiMaPPikV7Qk8U2espaZ9emsi9JhVhs4/kUF/uBvLp0
HiD+T1o6ovX0RlLEFKU0BtwCjvCcKJK2DRLNuAijRR5uYkKa0tOozr8pnknaWtMK
qLtLwU7et7jf8ICfQen1LbX3wJd/QGGoADL11JmqZm5kjwqLjHzE0hGPWvqM9iAY
5V/a4ZDWCROxlApZBuTOp6tkRD+4T65/5Ye2dKatSqij7V6aDhRiJ7OhVXjs162h
lOfgXH+r70LAoT/jikQC94QCHZ3czO9Ben6Ki9U3oPO8QCB30P6Ok9Ve+ZrgoxX4
JPHjU5HZ3juidQG46gsUpFqjLaSjepg/gDTx4a9vCsXhKxqkurLs5iQFmh9+Uuui
WD+TbwyGu7RhQJ3fazio1m66Uq0Oxq9DJdCQQ2iR4LKUbJLFb5ViznSl9yOhb20O
rQ4XOAR2IKv9UoBMOsS6nXgdc/NFIcKgI+QJzUdPlz+Z5SZhF6TjaN4fRq5iQhvt
/dhbmIxX9U0LIhzhtDZakToUnp0PgdX/l/QmDOEzZwQKvRZCqTvvRyjZZ9yjl3Qi
ogkqyWvI/gl1In6LLPOJCkKZ2rGG9AGcIyfu8ZRLckRppPIhcfu0QO5z/NV0+wYc
vuNOHbc8i3BcKp/kJtMRu52ogG1XxITCIEHLRkhwttjVwcUTdQDOyxSQhD7+Fj/+
uN+s/+aByGucpb6WVn543zJiXySPgfnKYaqHpUQM3qCxEdqyfNALaNJ0t7bWaE7S
Ua/1W+omIWguvDlmBGXZu/V821W8UvORIxwGxpMzdtVKrWcKQ0TZG2F/0SyPgEl+
JfNICzwArbNRjSmnbpNiUFFtUGhAuMNWcnBC6jyTKPf6AKflue3lQOzzKgZyGEGN
L+b3edMwjLBAq+cgusmUbYXHboAGATxhDsbb7QGvlc6P76Sus9qoW3wBHO/0yBNh
0+z3JoG/X9F8b9C+rwhIcyiG0tqLtisUtLZ8aXtSyxzM7scvQ9xLgYZpMOYlteMb
aY3euDI5g3ZaIFrpI3rgPs66Bh6EBuupAXpZb5SU5zoPoJvL1Ghi6GP4EGtn4lsH
i5B8CGmFHkkOOk03HT3jD7ftk9EBtzvnCOBgHTYx0Rw5ZNMQGPLNQ1wZa3zn6TIF
YUc6WUubtVKGmBQ1g20iT2HTyTOSS0BpIlngSQrG4cfGtt7m1EYZWz6svvzu2pbJ
TkLDdusIOTK/w6crVuIDbazx3CfE0DyJTXaBaDKV0O3qbbE+WJLEjSbk3rgRh4nW
QL/YZIr2t7XFcH9hwpbhrlIxZgC+RJVTamR5SnGtfc6Y5JcUvIkGdDFdEBO25st2
dVM22AsznootOG4GSJM+GalIfcCT48lUIWYEgcMnNDIixr5s30VTNlUAGHUetOZY
gW4UvqWCX514ox5d7XAzGt7baYZnlRWscJZ/9CsTWaf1Q+4ysg1jmk0wauZ6hM4t
AoxTOLIFW7HbRDegTds5bva686T73IMl8NDUw4gUgzs17UZS+hczCifnq0ihQaH3
h/JKhnLqFgAjN8q4LxtEDRUx5vUxhZDnrln6AYmDztioSUUOXYXzeahja358sg2C
6R+LBrw6a1E7h8Pfyh07UKHimazpuJcaPfP+U5XSiOZo0nBhHiSzvbR+SOTkWlj0
wNQCbqN4GVgJKKeR7MdaKozbl7KgfHUOal2PxhzTRAKQRmb9w1EfxfrLnM+YvI+Z
M8sKZ0d1V/KjTWtKd3O12e5wxSaAuSFFrBaMywU56a+8x24qPFcJiTU9ho171u6+
hJ2xApAeSJue3bTw3veHnmlVKviXkM2SBLVXRfWioxKBSP6n8WJeeP2zYyq3fIQD
PF0m3sie2hm0WkB3pM4ZzJgeYBLuwlLBC20tOl3RMZvxaenkJN1pZJ5Zt3Ctn1+8
TjUf6m7A8iBefFtMzBH0osEfDBSKABnwj3v+VuDWcNs/tyUP7cYBXfjOk5xWaFKV
mB7KRa6NcIGYAn7W62vMBQo3PR+cPRKz2UuddWRb2TfGhUJnRE8TddhmLIYHpq7v
fHWyqkMGHZO+OA+96sSV2sWpe9OH+EeL7D0AF0QEqtiCCc1QNmxM0D0t1iKwG8QW
/eljEYylARFwMCznaMkJvfGMKN+tGwhchEPv2nWxW2dnkH3bEMgg/mPvPCuKHfyQ
BOF9EwmORfKlxj9rmc+pWfDJ1H3iTRPm6AKF5gIl/4/HTIax5LfnJiyujNrO/Anq
6AkFRc9ZlCEqrCqwoOlSlumiF0Y5jsAne/vnznPGY26jXn2zG0eBNopjVKLxio9U
Qi469dMrm5Dz5h0qTSa52WtxUwwU/5+Piq0v/9pVVPMoz/t73ay6S+yG9eZOjAms
tMM6vj/AVB7FSxgSpzkD3M9vtKgYpHe9rqUclxT8JCCNgC5nhkHbpl3hqLlpwwqi
bUgU9D6lEkNGw+9KoCm5LeuaIcOYw5Tvw8OCTv4RxvSCZuzrh6OZ9KD9aOeobWq0
pYbnBjmd2Yyg64jhRjVMnEq7jPg0TzBDbAT5bkBDb7TbYmxZk3veuK6TLv4F+1yI
bALqn0Ps1n9su70qZ3kHmUQcNhn3Pw/Qazmeau8P6qcY7GXUBGK7rAqZqyAa+kxs
xqXPUQyfzU83H/pW9MqGfg4z5Zw4YI9pnGgRZXdjpw4QU/+jL6cxjymHG32foE2f
Isa+bN9FUzZVABh1HrTmWFRlEeRpToqhuxSaKd/lSNLk1MFnvP3I7JMkdNo4q+ut
oxVhHoCd9DRK5zeWroeZBkmRG5Ybk7MnkYpD6Zh4QyIrTojZ6Bk15nM6yLGVu2Q3
fiY8mIEj5Jg0azaA8sdx078yiH4Vgx9CNZk3W2LLlGuuhWJ1s5WDvyqvMgfiCAbn
A3oe0mAdVrwW5/s2f9XpIUzz3LnGjBt8OIbDtntl3lq7qmA8wW788CjpVs0CWk4/
VTfqFxQph8+iXO+rtDwpEDKtAdQAXlrhoBP1eXZ1id9jD9H9p1Z75qwQqGYWPh8y
XaaDzpNS/A7fMlAFBryY1PUpHy+KzHCMe9xsK9EjB3Ks5dUXqsOP//XlYt9/YDYu
PBbm+j4C7SUuoLwtQom5ygttgnK0LTgoSk+cROXoMwoGT7gkBeLXUK+FaeY2OL/+
ZgA/19Axtr2hmrs6KX2xedxkQQoRl/BpekRdazbU/nlD+G0zMH1MI9bpyKGQM/iP
Zt07iM+S+Zgx403ALBdp21vTEPKCeVSp1qjkKCMe+JuMz066aNks91ZO4hxBGyvS
k9TYQPfrgT0ukO30uTjOU6H0MffI8fgEKWd6uN6O6AsvdlPCuX1dxVjqRvFANxLW
xwvZGZXiOl7v1Obo78CQJgPCEJS1z9xbKZYNoa76bKwFRan37w7BfInluEZGacb8
lhCuDt2Lf3QtQhu4XYwK3OHAn/hV2fxxZd7HGslBbmHojjpcVfmGd7weE7ejXgiH
2FIkVHF1MG1PDIeNO5hoQzP3NtelCUL8PQTUQyJcKKLpAMmzkKJqq/ydpVCApvoX
PR4+f75MkhJ8BmDAVR6nIj6mDhgiDqzipMHmjleHLS3UdexB3KiAmdtfWD0MM32e
Zmt5i1f3KOZACIO5/bqYcugKm6UNh6GHDXI3SrMaQ6RZP9Ek6o4i2KP6+LYFGSGl
0BS+jt5xTgy7NNRTT61wdP8Irk8zRgLkSq/AJ/S4TgMsqOCLT5IbpjPC7VhSpF1f
ILo9wgluDk18QvTny+UhSopuXxEST3WbM6XvuEnFXsnmckbCKG8pgrYMhenXhrzy
WDukjVI9iy/fLGZVWtZY+Jotx9UsdiZb5WWOej4+rfVaTZAfQ+eI8gSX0ImkuDeN
