U2FsdGVkX19hdzQ1S01qQr1pTTIDD3VKVs2QkVh1/pVhkvdei5Dkl+FiPknE+KI6
M97eB2+3EA+ltX/1I3Gib1VbZKz1QkGYBUmKLNXiN4ixwi53ys0WxbSQa8nuoJ7h
lGs3eR9T1SKGLpeh3uUjLDg3yo+f9cmq8RHpeuprVYrR9IERaoErzq20a5UL3veq
9dkxXGbgTD11QMi3cWKYc/rHYRfRUyVD6dHq2S7Kk9/C/kyMpw94wormM33yYsbh
A9Wd5T+HIkNjcJNF8aqn7blg2G7WPIGo9KqBpGAit5SpyhAlUmbV+9DUsCEd6+hb
r7m2h1p4IPvCpYJQbIEnQRe1+3db3mkwjVi0LKthE4AvLWaFom/dX62JMFGYDzNE
lSM/XsMLzxebsY96SNSiY9ODuIBKEoU+N/KvkmQuP9THI63yIIBprcMmYscKXEgf
x3qGkCsVuAz+kF3E4WUjKqYX4bVcJidvMrKcjwyVqSPg9zkExvUcXWS+ihA1NFiX
l/tSy4eSuNgoXQGPoz36fGW4Q9FrmB4zJjU6g2oGmhS25SvyYhI3FqSJPdfvw060
q0T3kYBKP1zL+g++ndNhwfrHYRfRUyVD6dHq2S7Kk9/ZxGKQKXrhKheWd/QfbgTo
elIWKZg9iVVYjChgAQCiW5cDFB6dCtplqX/GH9iC7n+Wk0MkgmdYhvrdnbpulYFL
fi//3ohvtV51gq7piO8aqL+8uyEE/5n8cxUcF85+cg3+I83t0FvFZmDgljFAbGb6
WztF/WAJnVDROxR44bcFzBd8S4WfryM9kXjvCs+OjrLPmBlzzxkSN1hXcWhN2Hg8
9OdXK48RtsIpQT4U79LHuxLOy7LBFK6MPpUf+RjfKDSWk0MkgmdYhvrdnbpulYFL
fi//3ohvtV51gq7piO8aqAT0OgYmF7TqhF8hHnsazEJzQMXP6CnhRUTvF2KoRvWz
Cd3mZ/bN7ter08gUsluRYk3M2r+u00rAxH3/AfGlUAAPzR9bc+o+GupcFDkHbgzA
SVGUuD3G4MNDfTKPpr8pGqhuI5TEEb5fRWRLyEVSmU++DxutPQ7OzUObdLXXhmCE
42foMv+kaYLd5R6q08z6/0i2TaVCfIvATEfiXKRyfUBLbTxsBKnLHHaBa9Ex5eZ7
UVPoq6dsr8x8rTjVtcYzSI9xCXE6q7bl+bzINBPhpn8=
